{
  "name": "e-commerce",
  "lockfileVersion": 2,
  "requires": true,
  "packages": {
    "": {
      "devDependencies": {
        "@ljharb/tsconfig": "^0.2.0"
      }
    },
    "node_modules/@ljharb/tsconfig": {
      "version": "0.2.0",
      "resolved": "https://registry.npmjs.org/@ljharb/tsconfig/-/tsconfig-0.2.0.tgz",
      "integrity": "sha512-s1z/4bwCJXbc+TMRXSRfh9tE9N6/SKiDGURPfNnSK9ITJL3G+4isr+CpEf+/T6mGXWMmygDSHv9xDmUnklpTNA==",
      "dev": true
    }
  },
  "dependencies": {
    "@ljharb/tsconfig": {
      "version": "0.2.0",
      "resolved": "https://registry.npmjs.org/@ljharb/tsconfig/-/tsconfig-0.2.0.tgz",
      "integrity": "sha512-s1z/4bwCJXbc+TMRXSRfh9tE9N6/SKiDGURPfNnSK9ITJL3G+4isr+CpEf+/T6mGXWMmygDSHv9xDmUnklpTNA==",
      "dev": true
    }
  }
}
